# THIS IS AN AUTOGENERATED FILE. DO NOT EDIT THIS FILE DIRECTLY.
# yarn lockfile v1


"promise-nodeify@>= 0.1":
  version "1.0.1"
  resolved "http://r.npm.sankuai.com/promise-nodeify/download/promise-nodeify-1.0.1.tgz#05e78cce162f93021dd285c66dadc38adaaae38c"

"proxying-agent@>= 2.1":
  version "2.1.2"
  resolved "http://r.npm.sankuai.com/proxying-agent/download/proxying-agent-2.1.2.tgz#bd66b5f0f967725e31c0f1b38a594c622f55fd26"

tinify@^1.5.0:
  version "1.5.0"
  resolved "http://r.npm.sankuai.com/tinify/download/tinify-1.5.0.tgz#6ba2ea7e8827c845d263de3b46f4db7bad555920"
  dependencies:
    promise-nodeify ">= 0.1"
    proxying-agent ">= 2.1"
